// !$*UTF8*$!
{
	archiveVersion = 1;
	classes = {
	};
	objectVersion = 46;
	objects = {

/* Begin PBXBuildFile section */
		9E0962D11E8AB75B0012D71B /* ConversionViewController.swift in Sources */ = {isa = PBXBuildFile; fileRef = 9E0962D01E8AB75B0012D71B /* ConversionViewController.swift */; };
		9E86279F1E941B6D00CAC4E3 /* Localizable.strings in Resources */ = {isa = PBXBuildFile; fileRef = 9E8627A11E941B6D00CAC4E3 /* Localizable.strings */; };
		9E8791761E8966E40050ECA0 /* AppDelegate.swift in Sources */ = {isa = PBXBuildFile; fileRef = 9E8791751E8966E40050ECA0 /* AppDelegate.swift */; };
		9E87917B1E8966E40050ECA0 /* Main.storyboard in Resources */ = {isa = PBXBuildFile; fileRef = 9E8791791E8966E40050ECA0 /* Main.storyboard */; };
		9E87917D1E8966E40050ECA0 /* Assets.xcassets in Resources */ = {isa = PBXBuildFile; fileRef = 9E87917C1E8966E40050ECA0 /* Assets.xcassets */; };
		9E8791801E8966E40050ECA0 /* LaunchScreen.storyboard in Resources */ = {isa = PBXBuildFile; fileRef = 9E87917E1E8966E40050ECA0 /* LaunchScreen.storyboard */; };
		9E87918B1E8966E50050ECA0 /* _3WorldTrotterTests.swift in Sources */ = {isa = PBXBuildFile; fileRef = 9E87918A1E8966E50050ECA0 /* _3WorldTrotterTests.swift */; };
		9E8791961E8966E50050ECA0 /* _3WorldTrotterUITests.swift in Sources */ = {isa = PBXBuildFile; fileRef = 9E8791951E8966E50050ECA0 /* _3WorldTrotterUITests.swift */; };
		9EF530271E8C341B005E535A /* MapKit.framework in Frameworks */ = {isa = PBXBuildFile; fileRef = 9EF530261E8C341B005E535A /* MapKit.framework */; };
		9EF530291E8C39E6005E535A /* MapViewController.swift in Sources */ = {isa = PBXBuildFile; fileRef = 9EF530281E8C39E6005E535A /* MapViewController.swift */; };
		9EFA56B41E92D6C0000A07B9 /* WebViewController.swift in Sources */ = {isa = PBXBuildFile; fileRef = 9EFA56B31E92D6C0000A07B9 /* WebViewController.swift */; };
/* End PBXBuildFile section */

/* Begin PBXContainerItemProxy section */
		9E8791871E8966E50050ECA0 /* PBXContainerItemProxy */ = {
			isa = PBXContainerItemProxy;
			containerPortal = 9E87916A1E8966E40050ECA0 /* Project object */;
			proxyType = 1;
			remoteGlobalIDString = 9E8791711E8966E40050ECA0;
			remoteInfo = 03WorldTrotter;
		};
		9E8791921E8966E50050ECA0 /* PBXContainerItemProxy */ = {
			isa = PBXContainerItemProxy;
			containerPortal = 9E87916A1E8966E40050ECA0 /* Project object */;
			proxyType = 1;
			remoteGlobalIDString = 9E8791711E8966E40050ECA0;
			remoteInfo = 03WorldTrotter;
		};
/* End PBXContainerItemProxy section */

/* Begin PBXFileReference section */
		9E0962D01E8AB75B0012D71B /* ConversionViewController.swift */ = {isa = PBXFileReference; fileEncoding = 4; lastKnownFileType = sourcecode.swift; path = ConversionViewController.swift; sourceTree = "<group>"; };
		9E8627A01E941B6D00CAC4E3 /* Base */ = {isa = PBXFileReference; lastKnownFileType = text.plist.strings; name = Base; path = Base.lproj/Localizable.strings; sourceTree = "<group>"; };
		9E8627A21E941B6F00CAC4E3 /* en */ = {isa = PBXFileReference; lastKnownFileType = text.plist.strings; name = en; path = en.lproj/Localizable.strings; sourceTree = "<group>"; };
		9E8627A31E941B7000CAC4E3 /* es */ = {isa = PBXFileReference; lastKnownFileType = text.plist.strings; name = es; path = es.lproj/Localizable.strings; sourceTree = "<group>"; };
		9E8627A41E941C6100CAC4E3 /* de */ = {isa = PBXFileReference; lastKnownFileType = text.plist.strings; name = de; path = de.lproj/Main.strings; sourceTree = "<group>"; };
		9E8627A51E941C6100CAC4E3 /* de */ = {isa = PBXFileReference; lastKnownFileType = text.plist.strings; name = de; path = de.lproj/Localizable.strings; sourceTree = "<group>"; };
		9E8791721E8966E40050ECA0 /* 03WorldTrotter.app */ = {isa = PBXFileReference; explicitFileType = wrapper.application; includeInIndex = 0; path = 03WorldTrotter.app; sourceTree = BUILT_PRODUCTS_DIR; };
		9E8791751E8966E40050ECA0 /* AppDelegate.swift */ = {isa = PBXFileReference; lastKnownFileType = sourcecode.swift; path = AppDelegate.swift; sourceTree = "<group>"; };
		9E87917A1E8966E40050ECA0 /* Base */ = {isa = PBXFileReference; lastKnownFileType = file.storyboard; name = Base; path = Base.lproj/Main.storyboard; sourceTree = "<group>"; };
		9E87917C1E8966E40050ECA0 /* Assets.xcassets */ = {isa = PBXFileReference; lastKnownFileType = folder.assetcatalog; path = Assets.xcassets; sourceTree = "<group>"; };
		9E87917F1E8966E40050ECA0 /* Base */ = {isa = PBXFileReference; lastKnownFileType = file.storyboard; name = Base; path = Base.lproj/LaunchScreen.storyboard; sourceTree = "<group>"; };
		9E8791811E8966E40050ECA0 /* Info.plist */ = {isa = PBXFileReference; lastKnownFileType = text.plist.xml; path = Info.plist; sourceTree = "<group>"; };
		9E8791861E8966E50050ECA0 /* 03WorldTrotterTests.xctest */ = {isa = PBXFileReference; explicitFileType = wrapper.cfbundle; includeInIndex = 0; path = 03WorldTrotterTests.xctest; sourceTree = BUILT_PRODUCTS_DIR; };
		9E87918A1E8966E50050ECA0 /* _3WorldTrotterTests.swift */ = {isa = PBXFileReference; lastKnownFileType = sourcecode.swift; path = _3WorldTrotterTests.swift; sourceTree = "<group>"; };
		9E87918C1E8966E50050ECA0 /* Info.plist */ = {isa = PBXFileReference; lastKnownFileType = text.plist.xml; path = Info.plist; sourceTree = "<group>"; };
		9E8791911E8966E50050ECA0 /* 03WorldTrotterUITests.xctest */ = {isa = PBXFileReference; explicitFileType = wrapper.cfbundle; includeInIndex = 0; path = 03WorldTrotterUITests.xctest; sourceTree = BUILT_PRODUCTS_DIR; };
		9E8791951E8966E50050ECA0 /* _3WorldTrotterUITests.swift */ = {isa = PBXFileReference; lastKnownFileType = sourcecode.swift; path = _3WorldTrotterUITests.swift; sourceTree = "<group>"; };
		9E8791971E8966E50050ECA0 /* Info.plist */ = {isa = PBXFileReference; lastKnownFileType = text.plist.xml; path = Info.plist; sourceTree = "<group>"; };
		9EDD4D091E94163100098CE7 /* en */ = {isa = PBXFileReference; lastKnownFileType = text.plist.strings; name = en; path = en.lproj/Main.strings; sourceTree = "<group>"; };
		9EDD4D0A1E94169D00098CE7 /* es */ = {isa = PBXFileReference; lastKnownFileType = text.plist.strings; name = es; path = es.lproj/Main.strings; sourceTree = "<group>"; };
		9EF530261E8C341B005E535A /* MapKit.framework */ = {isa = PBXFileReference; lastKnownFileType = wrapper.framework; name = MapKit.framework; path = System/Library/Frameworks/MapKit.framework; sourceTree = SDKROOT; };
		9EF530281E8C39E6005E535A /* MapViewController.swift */ = {isa = PBXFileReference; fileEncoding = 4; lastKnownFileType = sourcecode.swift; path = MapViewController.swift; sourceTree = "<group>"; };
		9EFA56B31E92D6C0000A07B9 /* WebViewController.swift */ = {isa = PBXFileReference; fileEncoding = 4; lastKnownFileType = sourcecode.swift; path = WebViewController.swift; sourceTree = "<group>"; };
/* End PBXFileReference section */

/* Begin PBXFrameworksBuildPhase section */
		9E87916F1E8966E40050ECA0 /* Frameworks */ = {
			isa = PBXFrameworksBuildPhase;
			buildActionMask = 2147483647;
			files = (
				9EF530271E8C341B005E535A /* MapKit.framework in Frameworks */,
			);
			runOnlyForDeploymentPostprocessing = 0;
		};
		9E8791831E8966E50050ECA0 /* Frameworks */ = {
			isa = PBXFrameworksBuildPhase;
			buildActionMask = 2147483647;
			files = (
			);
			runOnlyForDeploymentPostprocessing = 0;
		};
		9E87918E1E8966E50050ECA0 /* Frameworks */ = {
			isa = PBXFrameworksBuildPhase;
			buildActionMask = 2147483647;
			files = (
			);
			runOnlyForDeploymentPostprocessing = 0;
		};
/* End PBXFrameworksBuildPhase section */

/* Begin PBXGroup section */
		9E8791691E8966E40050ECA0 = {
			isa = PBXGroup;
			children = (
				9E8791741E8966E40050ECA0 /* 03WorldTrotter */,
				9E8791891E8966E50050ECA0 /* 03WorldTrotterTests */,
				9E8791941E8966E50050ECA0 /* 03WorldTrotterUITests */,
				9E8791731E8966E40050ECA0 /* Products */,
				9EF530251E8C341B005E535A /* Frameworks */,
			);
			sourceTree = "<group>";
		};
		9E8791731E8966E40050ECA0 /* Products */ = {
			isa = PBXGroup;
			children = (
				9E8791721E8966E40050ECA0 /* 03WorldTrotter.app */,
				9E8791861E8966E50050ECA0 /* 03WorldTrotterTests.xctest */,
				9E8791911E8966E50050ECA0 /* 03WorldTrotterUITests.xctest */,
			);
			name = Products;
			sourceTree = "<group>";
		};
		9E8791741E8966E40050ECA0 /* 03WorldTrotter */ = {
			isa = PBXGroup;
			children = (
				9E8627A11E941B6D00CAC4E3 /* Localizable.strings */,
				9E8791751E8966E40050ECA0 /* AppDelegate.swift */,
				9E8791791E8966E40050ECA0 /* Main.storyboard */,
				9E87917C1E8966E40050ECA0 /* Assets.xcassets */,
				9E87917E1E8966E40050ECA0 /* LaunchScreen.storyboard */,
				9E8791811E8966E40050ECA0 /* Info.plist */,
				9E0962D01E8AB75B0012D71B /* ConversionViewController.swift */,
				9EF530281E8C39E6005E535A /* MapViewController.swift */,
				9EFA56B31E92D6C0000A07B9 /* WebViewController.swift */,
			);
			path = 03WorldTrotter;
			sourceTree = "<group>";
		};
		9E8791891E8966E50050ECA0 /* 03WorldTrotterTests */ = {
			isa = PBXGroup;
			children = (
				9E87918A1E8966E50050ECA0 /* _3WorldTrotterTests.swift */,
				9E87918C1E8966E50050ECA0 /* Info.plist */,
			);
			path = 03WorldTrotterTests;
			sourceTree = "<group>";
		};
		9E8791941E8966E50050ECA0 /* 03WorldTrotterUITests */ = {
			isa = PBXGroup;
			children = (
				9E8791951E8966E50050ECA0 /* _3WorldTrotterUITests.swift */,
				9E8791971E8966E50050ECA0 /* Info.plist */,
			);
			path = 03WorldTrotterUITests;
			sourceTree = "<group>";
		};
		9EF530251E8C341B005E535A /* Frameworks */ = {
			isa = PBXGroup;
			children = (
				9EF530261E8C341B005E535A /* MapKit.framework */,
			);
			name = Frameworks;
			sourceTree = "<group>";
		};
/* End PBXGroup section */

/* Begin PBXNativeTarget section */
		9E8791711E8966E40050ECA0 /* 03WorldTrotter */ = {
			isa = PBXNativeTarget;
			buildConfigurationList = 9E87919A1E8966E50050ECA0 /* Build configuration list for PBXNativeTarget "03WorldTrotter" */;
			buildPhases = (
				9E87916E1E8966E40050ECA0 /* Sources */,
				9E87916F1E8966E40050ECA0 /* Frameworks */,
				9E8791701E8966E40050ECA0 /* Resources */,
			);
			buildRules = (
			);
			dependencies = (
			);
			name = 03WorldTrotter;
			productName = 03WorldTrotter;
			productReference = 9E8791721E8966E40050ECA0 /* 03WorldTrotter.app */;
			productType = "com.apple.product-type.application";
		};
		9E8791851E8966E50050ECA0 /* 03WorldTrotterTests */ = {
			isa = PBXNativeTarget;
			buildConfigurationList = 9E87919D1E8966E50050ECA0 /* Build configuration list for PBXNativeTarget "03WorldTrotterTests" */;
			buildPhases = (
				9E8791821E8966E50050ECA0 /* Sources */,
				9E8791831E8966E50050ECA0 /* Frameworks */,
				9E8791841E8966E50050ECA0 /* Resources */,
			);
			buildRules = (
			);
			dependencies = (
				9E8791881E8966E50050ECA0 /* PBXTargetDependency */,
			);
			name = 03WorldTrotterTests;
			productName = 03WorldTrotterTests;
			productReference = 9E8791861E8966E50050ECA0 /* 03WorldTrotterTests.xctest */;
			productType = "com.apple.product-type.bundle.unit-test";
		};
		9E8791901E8966E50050ECA0 /* 03WorldTrotterUITests */ = {
			isa = PBXNativeTarget;
			buildConfigurationList = 9E8791A01E8966E50050ECA0 /* Build configuration list for PBXNativeTarget "03WorldTrotterUITests" */;
			buildPhases = (
				9E87918D1E8966E50050ECA0 /* Sources */,
				9E87918E1E8966E50050ECA0 /* Frameworks */,
				9E87918F1E8966E50050ECA0 /* Resources */,
			);
			buildRules = (
			);
			dependencies = (
				9E8791931E8966E50050ECA0 /* PBXTargetDependency */,
			);
			name = 03WorldTrotterUITests;
			productName = 03WorldTrotterUITests;
			productReference = 9E8791911E8966E50050ECA0 /* 03WorldTrotterUITests.xctest */;
			productType = "com.apple.product-type.bundle.ui-testing";
		};
/* End PBXNativeTarget section */

/* Begin PBXProject section */
		9E87916A1E8966E40050ECA0 /* Project object */ = {
			isa = PBXProject;
			attributes = {
				LastSwiftUpdateCheck = 0820;
				LastUpgradeCheck = 0820;
				ORGANIZATIONNAME = "Erik Uecke";
				TargetAttributes = {
					9E8791711E8966E40050ECA0 = {
						CreatedOnToolsVersion = 8.2;
						DevelopmentTeam = DSV7VS8A6A;
						ProvisioningStyle = Automatic;
					};
					9E8791851E8966E50050ECA0 = {
						CreatedOnToolsVersion = 8.2;
						DevelopmentTeam = DSV7VS8A6A;
						ProvisioningStyle = Automatic;
						TestTargetID = 9E8791711E8966E40050ECA0;
					};
					9E8791901E8966E50050ECA0 = {
						CreatedOnToolsVersion = 8.2;
						DevelopmentTeam = DSV7VS8A6A;
						ProvisioningStyle = Automatic;
						TestTargetID = 9E8791711E8966E40050ECA0;
					};
				};
			};
			buildConfigurationList = 9E87916D1E8966E40050ECA0 /* Build configuration list for PBXProject "03WorldTrotter" */;
			compatibilityVersion = "Xcode 3.2";
			developmentRegion = English;
			hasScannedForEncodings = 0;
			knownRegions = (
				en,
				Base,
				es,
				de,
			);
			mainGroup = 9E8791691E8966E40050ECA0;
			productRefGroup = 9E8791731E8966E40050ECA0 /* Products */;
			projectDirPath = "";
			projectRoot = "";
			targets = (
				9E8791711E8966E40050ECA0 /* 03WorldTrotter */,
				9E8791851E8966E50050ECA0 /* 03WorldTrotterTests */,
				9E8791901E8966E50050ECA0 /* 03WorldTrotterUITests */,
			);
		};
/* End PBXProject section */

/* Begin PBXResourcesBuildPhase section */
		9E8791701E8966E40050ECA0 /* Resources */ = {
			isa = PBXResourcesBuildPhase;
			buildActionMask = 2147483647;
			files = (
				9E8791801E8966E40050ECA0 /* LaunchScreen.storyboard in Resources */,
				9E86279F1E941B6D00CAC4E3 /* Localizable.strings in Resources */,
				9E87917D1E8966E40050ECA0 /* Assets.xcassets in Resources */,
				9E87917B1E8966E40050ECA0 /* Main.storyboard in Resources */,
			);
			runOnlyForDeploymentPostprocessing = 0;
		};
		9E8791841E8966E50050ECA0 /* Resources */ = {
			isa = PBXResourcesBuildPhase;
			buildActionMask = 2147483647;
			files = (
			);
			runOnlyForDeploymentPostprocessing = 0;
		};
		9E87918F1E8966E50050ECA0 /* Resources */ = {
			isa = PBXResourcesBuildPhase;
			buildActionMask = 2147483647;
			files = (
			);
			runOnlyForDeploymentPostprocessing = 0;
		};
/* End PBXResourcesBuildPhase section */

/* Begin PBXSourcesBuildPhase section */
		9E87916E1E8966E40050ECA0 /* Sources */ = {
			isa = PBXSourcesBuildPhase;
			buildActionMask = 2147483647;
			files = (
				9E0962D11E8AB75B0012D71B /* ConversionViewController.swift in Sources */,
				9EF530291E8C39E6005E535A /* MapViewController.swift in Sources */,
				9E8791761E8966E40050ECA0 /* AppDelegate.swift in Sources */,
				9EFA56B41E92D6C0000A07B9 /* WebViewController.swift in Sources */,
			);
			runOnlyForDeploymentPostprocessing = 0;
		};
		9E8791821E8966E50050ECA0 /* Sources */ = {
			isa = PBXSourcesBuildPhase;
			buildActionMask = 2147483647;
			files = (
				9E87918B1E8966E50050ECA0 /* _3WorldTrotterTests.swift in Sources */,
			);
			runOnlyForDeploymentPostprocessing = 0;
		};
		9E87918D1E8966E50050ECA0 /* Sources */ = {
			isa = PBXSourcesBuildPhase;
			buildActionMask = 2147483647;
			files = (
				9E8791961E8966E50050ECA0 /* _3WorldTrotterUITests.swift in Sources */,
			);
			runOnlyForDeploymentPostprocessing = 0;
		};
/* End PBXSourcesBuildPhase section */

/* Begin PBXTargetDependency section */
		9E8791881E8966E50050ECA0 /* PBXTargetDependency */ = {
			isa = PBXTargetDependency;
			target = 9E8791711E8966E40050ECA0 /* 03WorldTrotter */;
			targetProxy = 9E8791871E8966E50050ECA0 /* PBXContainerItemProxy */;
		};
		9E8791931E8966E50050ECA0 /* PBXTargetDependency */ = {
			isa = PBXTargetDependency;
			target = 9E8791711E8966E40050ECA0 /* 03WorldTrotter */;
			targetProxy = 9E8791921E8966E50050ECA0 /* PBXContainerItemProxy */;
		};
/* End PBXTargetDependency section */

/* Begin PBXVariantGroup section */
		9E8627A11E941B6D00CAC4E3 /* Localizable.strings */ = {
			isa = PBXVariantGroup;
			children = (
				9E8627A01E941B6D00CAC4E3 /* Base */,
				9E8627A21E941B6F00CAC4E3 /* en */,
				9E8627A31E941B7000CAC4E3 /* es */,
				9E8627A51E941C6100CAC4E3 /* de */,
			);
			name = Localizable.strings;
			sourceTree = "<group>";
		};
		9E8791791E8966E40050ECA0 /* Main.storyboard */ = {
			isa = PBXVariantGroup;
			children = (
				9E87917A1E8966E40050ECA0 /* Base */,
				9EDD4D091E94163100098CE7 /* en */,
				9EDD4D0A1E94169D00098CE7 /* es */,
				9E8627A41E941C6100CAC4E3 /* de */,
			);
			name = Main.storyboard;
			sourceTree = "<group>";
		};
		9E87917E1E8966E40050ECA0 /* LaunchScreen.storyboard */ = {
			isa = PBXVariantGroup;
			children = (
				9E87917F1E8966E40050ECA0 /* Base */,
			);
			name = LaunchScreen.storyboard;
			sourceTree = "<group>";
		};
/* End PBXVariantGroup section */

/* Begin XCBuildConfiguration section */
		9E8791981E8966E50050ECA0 /* Debug */ = {
			isa = XCBuildConfiguration;
			buildSettings = {
				ALWAYS_SEARCH_USER_PATHS = NO;
				CLANG_ANALYZER_LOCALIZABILITY_NONLOCALIZED = YES;
				CLANG_ANALYZER_NONNULL = YES;
				CLANG_CXX_LANGUAGE_STANDARD = "gnu++0x";
				CLANG_CXX_LIBRARY = "libc++";
				CLANG_ENABLE_MODULES = YES;
				CLANG_ENABLE_OBJC_ARC = YES;
				CLANG_WARN_BOOL_CONVERSION = YES;
				CLANG_WARN_CONSTANT_CONVERSION = YES;
				CLANG_WARN_DIRECT_OBJC_ISA_USAGE = YES_ERROR;
				CLANG_WARN_DOCUMENTATION_COMMENTS = YES;
				CLANG_WARN_EMPTY_BODY = YES;
				CLANG_WARN_ENUM_CONVERSION = YES;
				CLANG_WARN_INFINITE_RECURSION = YES;
				CLANG_WARN_INT_CONVERSION = YES;
				CLANG_WARN_OBJC_ROOT_CLASS = YES_ERROR;
				CLANG_WARN_SUSPICIOUS_MOVE = YES;
				CLANG_WARN_UNREACHABLE_CODE = YES;
				CLANG_WARN__DUPLICATE_METHOD_MATCH = YES;
				"CODE_SIGN_IDENTITY[sdk=iphoneos*]" = "iPhone Developer";
				COPY_PHASE_STRIP = NO;
				DEBUG_INFORMATION_FORMAT = dwarf;
				ENABLE_STRICT_OBJC_MSGSEND = YES;
				ENABLE_TESTABILITY = YES;
				GCC_C_LANGUAGE_STANDARD = gnu99;
				GCC_DYNAMIC_NO_PIC = NO;
				GCC_NO_COMMON_BLOCKS = YES;
				GCC_OPTIMIZATION_LEVEL = 0;
				GCC_PREPROCESSOR_DEFINITIONS = (
					"DEBUG=1",
					"$(inherited)",
				);
				GCC_WARN_64_TO_32_BIT_CONVERSION = YES;
				GCC_WARN_ABOUT_RETURN_TYPE = YES_ERROR;
				GCC_WARN_UNDECLARED_SELECTOR = YES;
				GCC_WARN_UNINITIALIZED_AUTOS = YES_AGGRESSIVE;
				GCC_WARN_UNUSED_FUNCTION = YES;
				GCC_WARN_UNUSED_VARIABLE = YES;
				IPHONEOS_DEPLOYMENT_TARGET = 10.2;
				MTL_ENABLE_DEBUG_INFO = YES;
				ONLY_ACTIVE_ARCH = YES;
				SDKROOT = iphoneos;
				SWIFT_ACTIVE_COMPILATION_CONDITIONS = DEBUG;
				SWIFT_OPTIMIZATION_LEVEL = "-Onone";
				TARGETED_DEVICE_FAMILY = "1,2";
			};
			name = Debug;
		};
		9E8791991E8966E50050ECA0 /* Release */ = {
			isa = XCBuildConfiguration;
			buildSettings = {
				ALWAYS_SEARCH_USER_PATHS = NO;
				CLANG_ANALYZER_LOCALIZABILITY_NONLOCALIZED = YES;
				CLANG_ANALYZER_NONNULL = YES;
				CLANG_CXX_LANGUAGE_STANDARD = "gnu++0x";
				CLANG_CXX_LIBRARY = "libc++";
				CLANG_ENABLE_MODULES = YES;
				CLANG_ENABLE_OBJC_ARC = YES;
				CLANG_WARN_BOOL_CONVERSION = YES;
				CLANG_WARN_CONSTANT_CONVERSION = YES;
				CLANG_WARN_DIRECT_OBJC_ISA_USAGE = YES_ERROR;
				CLANG_WARN_DOCUMENTATION_COMMENTS = YES;
				CLANG_WARN_EMPTY_BODY = YES;
				CLANG_WARN_ENUM_CONVERSION = YES;
				CLANG_WARN_INFINITE_RECURSION = YES;
				CLANG_WARN_INT_CONVERSION = YES;
				CLANG_WARN_OBJC_ROOT_CLASS = YES_ERROR;
				CLANG_WARN_SUSPICIOUS_MOVE = YES;
				CLANG_WARN_UNREACHABLE_CODE = YES;
				CLANG_WARN__DUPLICATE_METHOD_MATCH = YES;
				"CODE_SIGN_IDENTITY[sdk=iphoneos*]" = "iPhone Developer";
				COPY_PHASE_STRIP = NO;
				DEBUG_INFORMATION_FORMAT = "dwarf-with-dsym";
				ENABLE_NS_ASSERTIONS = NO;
				ENABLE_STRICT_OBJC_MSGSEND = YES;
				GCC_C_LANGUAGE_STANDARD = gnu99;
				GCC_NO_COMMON_BLOCKS = YES;
				GCC_WARN_64_TO_32_BIT_CONVERSION = YES;
				GCC_WARN_ABOUT_RETURN_TYPE = YES_ERROR;
				GCC_WARN_UNDECLARED_SELECTOR = YES;
				GCC_WARN_UNINITIALIZED_AUTOS = YES_AGGRESSIVE;
				GCC_WARN_UNUSED_FUNCTION = YES;
				GCC_WARN_UNUSED_VARIABLE = YES;
				IPHONEOS_DEPLOYMENT_TARGET = 10.2;
				MTL_ENABLE_DEBUG_INFO = NO;
				SDKROOT = iphoneos;
				SWIFT_OPTIMIZATION_LEVEL = "-Owholemodule";
				TARGETED_DEVICE_FAMILY = "1,2";
				VALIDATE_PRODUCT = YES;
			};
			name = Release;
		};
		9E87919B1E8966E50050ECA0 /* Debug */ = {
			isa = XCBuildConfiguration;
			buildSettings = {
				ASSETCATALOG_COMPILER_APPICON_NAME = AppIcon;
				DEVELOPMENT_TEAM = DSV7VS8A6A;
				INFOPLIST_FILE = 03WorldTrotter/Info.plist;
				LD_RUNPATH_SEARCH_PATHS = "$(inherited) @executable_path/Frameworks";
				PRODUCT_BUNDLE_IDENTIFIER = "com.erikuecke.-3WorldTrotter";
				PRODUCT_NAME = "$(TARGET_NAME)";
				SWIFT_VERSION = 3.0;
			};
			name = Debug;
		};
		9E87919C1E8966E50050ECA0 /* Release */ = {
			isa = XCBuildConfiguration;
			buildSettings = {
				ASSETCATALOG_COMPILER_APPICON_NAME = AppIcon;
				DEVELOPMENT_TEAM = DSV7VS8A6A;
				INFOPLIST_FILE = 03WorldTrotter/Info.plist;
				LD_RUNPATH_SEARCH_PATHS = "$(inherited) @executable_path/Frameworks";
				PRODUCT_BUNDLE_IDENTIFIER = "com.erikuecke.-3WorldTrotter";
				PRODUCT_NAME = "$(TARGET_NAME)";
				SWIFT_VERSION = 3.0;
			};
			name = Release;
		};
		9E87919E1E8966E50050ECA0 /* Debug */ = {
			isa = XCBuildConfiguration;
			buildSettings = {
				ALWAYS_EMBED_SWIFT_STANDARD_LIBRARIES = YES;
				BUNDLE_LOADER = "$(TEST_HOST)";
				DEVELOPMENT_TEAM = DSV7VS8A6A;
				INFOPLIST_FILE = 03WorldTrotterTests/Info.plist;
				LD_RUNPATH_SEARCH_PATHS = "$(inherited) @executable_path/Frameworks @loader_path/Frameworks";
				PRODUCT_BUNDLE_IDENTIFIER = "com.erikuecke.-3WorldTrotterTests";
				PRODUCT_NAME = "$(TARGET_NAME)";
				SWIFT_VERSION = 3.0;
				TEST_HOST = "$(BUILT_PRODUCTS_DIR)/03WorldTrotter.app/03WorldTrotter";
			};
			name = Debug;
		};
		9E87919F1E8966E50050ECA0 /* Release */ = {
			isa = XCBuildConfiguration;
			buildSettings = {
				ALWAYS_EMBED_SWIFT_STANDARD_LIBRARIES = YES;
				BUNDLE_LOADER = "$(TEST_HOST)";
				DEVELOPMENT_TEAM = DSV7VS8A6A;
				INFOPLIST_FILE = 03WorldTrotterTests/Info.plist;
				LD_RUNPATH_SEARCH_PATHS = "$(inherited) @executable_path/Frameworks @loader_path/Frameworks";
				PRODUCT_BUNDLE_IDENTIFIER = "com.erikuecke.-3WorldTrotterTests";
				PRODUCT_NAME = "$(TARGET_NAME)";
				SWIFT_VERSION = 3.0;
				TEST_HOST = "$(BUILT_PRODUCTS_DIR)/03WorldTrotter.app/03WorldTrotter";
			};
			name = Release;
		};
		9E8791A11E8966E50050ECA0 /* Debug */ = {
			isa = XCBuildConfiguration;
			buildSettings = {
				ALWAYS_EMBED_SWIFT_STANDARD_LIBRARIES = YES;
				DEVELOPMENT_TEAM = DSV7VS8A6A;
				INFOPLIST_FILE = 03WorldTrotterUITests/Info.plist;
				LD_RUNPATH_SEARCH_PATHS = "$(inherited) @executable_path/Frameworks @loader_path/Frameworks";
				PRODUCT_BUNDLE_IDENTIFIER = "com.erikuecke.-3WorldTrotterUITests";
				PRODUCT_NAME = "$(TARGET_NAME)";
				SWIFT_VERSION = 3.0;
				TEST_TARGET_NAME = 03WorldTrotter;
			};
			name = Debug;
		};
		9E8791A21E8966E50050ECA0 /* Release */ = {
			isa = XCBuildConfiguration;
			buildSettings = {
				ALWAYS_EMBED_SWIFT_STANDARD_LIBRARIES = YES;
				DEVELOPMENT_TEAM = DSV7VS8A6A;
				INFOPLIST_FILE = 03WorldTrotterUITests/Info.plist;
				LD_RUNPATH_SEARCH_PATHS = "$(inherited) @executable_path/Frameworks @loader_path/Frameworks";
				PRODUCT_BUNDLE_IDENTIFIER = "com.erikuecke.-3WorldTrotterUITests";
				PRODUCT_NAME = "$(TARGET_NAME)";
				SWIFT_VERSION = 3.0;
				TEST_TARGET_NAME = 03WorldTrotter;
			};
			name = Release;
		};
/* End XCBuildConfiguration section */

/* Begin XCConfigurationList section */
		9E87916D1E8966E40050ECA0 /* Build configuration list for PBXProject "03WorldTrotter" */ = {
			isa = XCConfigurationList;
			buildConfigurations = (
				9E8791981E8966E50050ECA0 /* Debug */,
				9E8791991E8966E50050ECA0 /* Release */,
			);
			defaultConfigurationIsVisible = 0;
			defaultConfigurationName = Release;
		};
		9E87919A1E8966E50050ECA0 /* Build configuration list for PBXNativeTarget "03WorldTrotter" */ = {
			isa = XCConfigurationList;
			buildConfigurations = (
				9E87919B1E8966E50050ECA0 /* Debug */,
				9E87919C1E8966E50050ECA0 /* Release */,
			);
			defaultConfigurationIsVisible = 0;
			defaultConfigurationName = Release;
		};
		9E87919D1E8966E50050ECA0 /* Build configuration list for PBXNativeTarget "03WorldTrotterTests" */ = {
			isa = XCConfigurationList;
			buildConfigurations = (
				9E87919E1E8966E50050ECA0 /* Debug */,
				9E87919F1E8966E50050ECA0 /* Release */,
			);
			defaultConfigurationIsVisible = 0;
			defaultConfigurationName = Release;
		};
		9E8791A01E8966E50050ECA0 /* Build configuration list for PBXNativeTarget "03WorldTrotterUITests" */ = {
			isa = XCConfigurationList;
			buildConfigurations = (
				9E8791A11E8966E50050ECA0 /* Debug */,
				9E8791A21E8966E50050ECA0 /* Release */,
			);
			defaultConfigurationIsVisible = 0;
			defaultConfigurationName = Release;
		};
/* End XCConfigurationList section */
	};
	rootObject = 9E87916A1E8966E40050ECA0 /* Project object */;
}
