// !$*UTF8*$!
{
	archiveVersion = 1;
	classes = {
	};
	objectVersion = 46;
	objects = {

/* Begin PBXBuildFile section */
		9E8466C41E96AB3600F70130 /* AppDelegate.swift in Sources */ = {isa = PBXBuildFile; fileRef = 9E8466C31E96AB3600F70130 /* AppDelegate.swift */; };
		9E8466C61E96AB3600F70130 /* ViewController.swift in Sources */ = {isa = PBXBuildFile; fileRef = 9E8466C51E96AB3600F70130 /* ViewController.swift */; };
		9E8466C91E96AB3600F70130 /* Main.storyboard in Resources */ = {isa = PBXBuildFile; fileRef = 9E8466C71E96AB3600F70130 /* Main.storyboard */; };
		9E8466CB1E96AB3600F70130 /* Assets.xcassets in Resources */ = {isa = PBXBuildFile; fileRef = 9E8466CA1E96AB3600F70130 /* Assets.xcassets */; };
		9E8466CE1E96AB3600F70130 /* LaunchScreen.storyboard in Resources */ = {isa = PBXBuildFile; fileRef = 9E8466CC1E96AB3600F70130 /* LaunchScreen.storyboard */; };
/* End PBXBuildFile section */

/* Begin PBXFileReference section */
		9E8466C01E96AB3600F70130 /* 09Debugging.app */ = {isa = PBXFileReference; explicitFileType = wrapper.application; includeInIndex = 0; path = 09Debugging.app; sourceTree = BUILT_PRODUCTS_DIR; };
		9E8466C31E96AB3600F70130 /* AppDelegate.swift */ = {isa = PBXFileReference; lastKnownFileType = sourcecode.swift; path = AppDelegate.swift; sourceTree = "<group>"; };
		9E8466C51E96AB3600F70130 /* ViewController.swift */ = {isa = PBXFileReference; lastKnownFileType = sourcecode.swift; path = ViewController.swift; sourceTree = "<group>"; };
		9E8466C81E96AB3600F70130 /* Base */ = {isa = PBXFileReference; lastKnownFileType = file.storyboard; name = Base; path = Base.lproj/Main.storyboard; sourceTree = "<group>"; };
		9E8466CA1E96AB3600F70130 /* Assets.xcassets */ = {isa = PBXFileReference; lastKnownFileType = folder.assetcatalog; path = Assets.xcassets; sourceTree = "<group>"; };
		9E8466CD1E96AB3600F70130 /* Base */ = {isa = PBXFileReference; lastKnownFileType = file.storyboard; name = Base; path = Base.lproj/LaunchScreen.storyboard; sourceTree = "<group>"; };
		9E8466CF1E96AB3600F70130 /* Info.plist */ = {isa = PBXFileReference; lastKnownFileType = text.plist.xml; path = Info.plist; sourceTree = "<group>"; };
/* End PBXFileReference section */

/* Begin PBXFrameworksBuildPhase section */
		9E8466BD1E96AB3600F70130 /* Frameworks */ = {
			isa = PBXFrameworksBuildPhase;
			buildActionMask = 2147483647;
			files = (
			);
			runOnlyForDeploymentPostprocessing = 0;
		};
/* End PBXFrameworksBuildPhase section */

/* Begin PBXGroup section */
		9E8466B71E96AB3600F70130 = {
			isa = PBXGroup;
			children = (
				9E8466C21E96AB3600F70130 /* 09Debugging */,
				9E8466C11E96AB3600F70130 /* Products */,
			);
			sourceTree = "<group>";
		};
		9E8466C11E96AB3600F70130 /* Products */ = {
			isa = PBXGroup;
			children = (
				9E8466C01E96AB3600F70130 /* 09Debugging.app */,
			);
			name = Products;
			sourceTree = "<group>";
		};
		9E8466C21E96AB3600F70130 /* 09Debugging */ = {
			isa = PBXGroup;
			children = (
				9E8466C31E96AB3600F70130 /* AppDelegate.swift */,
				9E8466C51E96AB3600F70130 /* ViewController.swift */,
				9E8466C71E96AB3600F70130 /* Main.storyboard */,
				9E8466CA1E96AB3600F70130 /* Assets.xcassets */,
				9E8466CC1E96AB3600F70130 /* LaunchScreen.storyboard */,
				9E8466CF1E96AB3600F70130 /* Info.plist */,
			);
			path = 09Debugging;
			sourceTree = "<group>";
		};
/* End PBXGroup section */

/* Begin PBXNativeTarget section */
		9E8466BF1E96AB3600F70130 /* 09Debugging */ = {
			isa = PBXNativeTarget;
			buildConfigurationList = 9E8466D21E96AB3600F70130 /* Build configuration list for PBXNativeTarget "09Debugging" */;
			buildPhases = (
				9E8466BC1E96AB3600F70130 /* Sources */,
				9E8466BD1E96AB3600F70130 /* Frameworks */,
				9E8466BE1E96AB3600F70130 /* Resources */,
			);
			buildRules = (
			);
			dependencies = (
			);
			name = 09Debugging;
			productName = 09Debugging;
			productReference = 9E8466C01E96AB3600F70130 /* 09Debugging.app */;
			productType = "com.apple.product-type.application";
		};
/* End PBXNativeTarget section */

/* Begin PBXProject section */
		9E8466B81E96AB3600F70130 /* Project object */ = {
			isa = PBXProject;
			attributes = {
				LastSwiftUpdateCheck = 0820;
				LastUpgradeCheck = 0820;
				ORGANIZATIONNAME = "Erik Uecke";
				TargetAttributes = {
					9E8466BF1E96AB3600F70130 = {
						CreatedOnToolsVersion = 8.2;
						DevelopmentTeam = DSV7VS8A6A;
						ProvisioningStyle = Automatic;
					};
				};
			};
			buildConfigurationList = 9E8466BB1E96AB3600F70130 /* Build configuration list for PBXProject "09Debugging" */;
			compatibilityVersion = "Xcode 3.2";
			developmentRegion = English;
			hasScannedForEncodings = 0;
			knownRegions = (
				en,
				Base,
			);
			mainGroup = 9E8466B71E96AB3600F70130;
			productRefGroup = 9E8466C11E96AB3600F70130 /* Products */;
			projectDirPath = "";
			projectRoot = "";
			targets = (
				9E8466BF1E96AB3600F70130 /* 09Debugging */,
			);
		};
/* End PBXProject section */

/* Begin PBXResourcesBuildPhase section */
		9E8466BE1E96AB3600F70130 /* Resources */ = {
			isa = PBXResourcesBuildPhase;
			buildActionMask = 2147483647;
			files = (
				9E8466CE1E96AB3600F70130 /* LaunchScreen.storyboard in Resources */,
				9E8466CB1E96AB3600F70130 /* Assets.xcassets in Resources */,
				9E8466C91E96AB3600F70130 /* Main.storyboard in Resources */,
			);
			runOnlyForDeploymentPostprocessing = 0;
		};
/* End PBXResourcesBuildPhase section */

/* Begin PBXSourcesBuildPhase section */
		9E8466BC1E96AB3600F70130 /* Sources */ = {
			isa = PBXSourcesBuildPhase;
			buildActionMask = 2147483647;
			files = (
				9E8466C61E96AB3600F70130 /* ViewController.swift in Sources */,
				9E8466C41E96AB3600F70130 /* AppDelegate.swift in Sources */,
			);
			runOnlyForDeploymentPostprocessing = 0;
		};
/* End PBXSourcesBuildPhase section */

/* Begin PBXVariantGroup section */
		9E8466C71E96AB3600F70130 /* Main.storyboard */ = {
			isa = PBXVariantGroup;
			children = (
				9E8466C81E96AB3600F70130 /* Base */,
			);
			name = Main.storyboard;
			sourceTree = "<group>";
		};
		9E8466CC1E96AB3600F70130 /* LaunchScreen.storyboard */ = {
			isa = PBXVariantGroup;
			children = (
				9E8466CD1E96AB3600F70130 /* Base */,
			);
			name = LaunchScreen.storyboard;
			sourceTree = "<group>";
		};
/* End PBXVariantGroup section */

/* Begin XCBuildConfiguration section */
		9E8466D01E96AB3600F70130 /* Debug */ = {
			isa = XCBuildConfiguration;
			buildSettings = {
				ALWAYS_SEARCH_USER_PATHS = NO;
				CLANG_ANALYZER_NONNULL = YES;
				CLANG_CXX_LANGUAGE_STANDARD = "gnu++0x";
				CLANG_CXX_LIBRARY = "libc++";
				CLANG_ENABLE_MODULES = YES;
				CLANG_ENABLE_OBJC_ARC = YES;
				CLANG_WARN_BOOL_CONVERSION = YES;
				CLANG_WARN_CONSTANT_CONVERSION = YES;
				CLANG_WARN_DIRECT_OBJC_ISA_USAGE = YES_ERROR;
				CLANG_WARN_DOCUMENTATION_COMMENTS = YES;
				CLANG_WARN_EMPTY_BODY = YES;
				CLANG_WARN_ENUM_CONVERSION = YES;
				CLANG_WARN_INFINITE_RECURSION = YES;
				CLANG_WARN_INT_CONVERSION = YES;
				CLANG_WARN_OBJC_ROOT_CLASS = YES_ERROR;
				CLANG_WARN_SUSPICIOUS_MOVE = YES;
				CLANG_WARN_UNREACHABLE_CODE = YES;
				CLANG_WARN__DUPLICATE_METHOD_MATCH = YES;
				"CODE_SIGN_IDENTITY[sdk=iphoneos*]" = "iPhone Developer";
				COPY_PHASE_STRIP = NO;
				DEBUG_INFORMATION_FORMAT = dwarf;
				ENABLE_STRICT_OBJC_MSGSEND = YES;
				ENABLE_TESTABILITY = YES;
				GCC_C_LANGUAGE_STANDARD = gnu99;
				GCC_DYNAMIC_NO_PIC = NO;
				GCC_NO_COMMON_BLOCKS = YES;
				GCC_OPTIMIZATION_LEVEL = 0;
				GCC_PREPROCESSOR_DEFINITIONS = (
					"DEBUG=1",
					"$(inherited)",
				);
				GCC_WARN_64_TO_32_BIT_CONVERSION = YES;
				GCC_WARN_ABOUT_RETURN_TYPE = YES_ERROR;
				GCC_WARN_UNDECLARED_SELECTOR = YES;
				GCC_WARN_UNINITIALIZED_AUTOS = YES_AGGRESSIVE;
				GCC_WARN_UNUSED_FUNCTION = YES;
				GCC_WARN_UNUSED_VARIABLE = YES;
				IPHONEOS_DEPLOYMENT_TARGET = 10.2;
				MTL_ENABLE_DEBUG_INFO = YES;
				ONLY_ACTIVE_ARCH = YES;
				SDKROOT = iphoneos;
				SWIFT_ACTIVE_COMPILATION_CONDITIONS = DEBUG;
				SWIFT_OPTIMIZATION_LEVEL = "-Onone";
			};
			name = Debug;
		};
		9E8466D11E96AB3600F70130 /* Release */ = {
			isa = XCBuildConfiguration;
			buildSettings = {
				ALWAYS_SEARCH_USER_PATHS = NO;
				CLANG_ANALYZER_NONNULL = YES;
				CLANG_CXX_LANGUAGE_STANDARD = "gnu++0x";
				CLANG_CXX_LIBRARY = "libc++";
				CLANG_ENABLE_MODULES = YES;
				CLANG_ENABLE_OBJC_ARC = YES;
				CLANG_WARN_BOOL_CONVERSION = YES;
				CLANG_WARN_CONSTANT_CONVERSION = YES;
				CLANG_WARN_DIRECT_OBJC_ISA_USAGE = YES_ERROR;
				CLANG_WARN_DOCUMENTATION_COMMENTS = YES;
				CLANG_WARN_EMPTY_BODY = YES;
				CLANG_WARN_ENUM_CONVERSION = YES;
				CLANG_WARN_INFINITE_RECURSION = YES;
				CLANG_WARN_INT_CONVERSION = YES;
				CLANG_WARN_OBJC_ROOT_CLASS = YES_ERROR;
				CLANG_WARN_SUSPICIOUS_MOVE = YES;
				CLANG_WARN_UNREACHABLE_CODE = YES;
				CLANG_WARN__DUPLICATE_METHOD_MATCH = YES;
				"CODE_SIGN_IDENTITY[sdk=iphoneos*]" = "iPhone Developer";
				COPY_PHASE_STRIP = NO;
				DEBUG_INFORMATION_FORMAT = "dwarf-with-dsym";
				ENABLE_NS_ASSERTIONS = NO;
				ENABLE_STRICT_OBJC_MSGSEND = YES;
				GCC_C_LANGUAGE_STANDARD = gnu99;
				GCC_NO_COMMON_BLOCKS = YES;
				GCC_WARN_64_TO_32_BIT_CONVERSION = YES;
				GCC_WARN_ABOUT_RETURN_TYPE = YES_ERROR;
				GCC_WARN_UNDECLARED_SELECTOR = YES;
				GCC_WARN_UNINITIALIZED_AUTOS = YES_AGGRESSIVE;
				GCC_WARN_UNUSED_FUNCTION = YES;
				GCC_WARN_UNUSED_VARIABLE = YES;
				IPHONEOS_DEPLOYMENT_TARGET = 10.2;
				MTL_ENABLE_DEBUG_INFO = NO;
				SDKROOT = iphoneos;
				SWIFT_OPTIMIZATION_LEVEL = "-Owholemodule";
				VALIDATE_PRODUCT = YES;
			};
			name = Release;
		};
		9E8466D31E96AB3600F70130 /* Debug */ = {
			isa = XCBuildConfiguration;
			buildSettings = {
				ASSETCATALOG_COMPILER_APPICON_NAME = AppIcon;
				DEVELOPMENT_TEAM = DSV7VS8A6A;
				INFOPLIST_FILE = 09Debugging/Info.plist;
				LD_RUNPATH_SEARCH_PATHS = "$(inherited) @executable_path/Frameworks";
				PRODUCT_BUNDLE_IDENTIFIER = "com.erikuecke.-9Debugging";
				PRODUCT_NAME = "$(TARGET_NAME)";
				SWIFT_VERSION = 3.0;
			};
			name = Debug;
		};
		9E8466D41E96AB3600F70130 /* Release */ = {
			isa = XCBuildConfiguration;
			buildSettings = {
				ASSETCATALOG_COMPILER_APPICON_NAME = AppIcon;
				DEVELOPMENT_TEAM = DSV7VS8A6A;
				INFOPLIST_FILE = 09Debugging/Info.plist;
				LD_RUNPATH_SEARCH_PATHS = "$(inherited) @executable_path/Frameworks";
				PRODUCT_BUNDLE_IDENTIFIER = "com.erikuecke.-9Debugging";
				PRODUCT_NAME = "$(TARGET_NAME)";
				SWIFT_VERSION = 3.0;
			};
			name = Release;
		};
/* End XCBuildConfiguration section */

/* Begin XCConfigurationList section */
		9E8466BB1E96AB3600F70130 /* Build configuration list for PBXProject "09Debugging" */ = {
			isa = XCConfigurationList;
			buildConfigurations = (
				9E8466D01E96AB3600F70130 /* Debug */,
				9E8466D11E96AB3600F70130 /* Release */,
			);
			defaultConfigurationIsVisible = 0;
			defaultConfigurationName = Release;
		};
		9E8466D21E96AB3600F70130 /* Build configuration list for PBXNativeTarget "09Debugging" */ = {
			isa = XCConfigurationList;
			buildConfigurations = (
				9E8466D31E96AB3600F70130 /* Debug */,
				9E8466D41E96AB3600F70130 /* Release */,
			);
			defaultConfigurationIsVisible = 0;
		};
/* End XCConfigurationList section */
	};
	rootObject = 9E8466B81E96AB3600F70130 /* Project object */;
}
